
Microsoft Visual Studio Solution File, Format Version 12.00
# Visual Studio Version 16
VisualStudioVersion = 16.0.28527.54
MinimumVisualStudioVersion = 10.0.40219.1
Project("{9A19103F-16F7-4668-BE54-9A1E7A4F7556}") = "SecurePasswordVault", "SecurePasswordVault\SecurePasswordVault.csproj", "{EFF3B141-8C93-40C5-8C92-07018CC35D4D}"
EndProject
Project("{9A19103F-16F7-4668-BE54-9A1E7A4F7556}") = "CoordinationCenter", "CoordinationCenter\CoordinationCenter.csproj", "{BCE0D330-4FB2-4A4A-8E3F-CCB9E293901F}"
EndProject
Project("{9A19103F-16F7-4668-BE54-9A1E7A4F7556}") = "WorkerNode", "WorkerNode\WorkerNode.csproj", "{680F63B1-1958-4BE6-9A35-10F7C53FEEB7}"
EndProject
Project("{2150E333-8FDC-42A3-9474-1A3956D46DE8}") = "Solution Items", "Solution Items", "{3C6F81DF-10AC-4E21-80DD-AA8D3C27867B}"
	ProjectSection(SolutionItems) = preProject
		.gitignore = .gitignore
		.travis.yml = .travis.yml
		LICENSE = LICENSE
		README.md = README.md
	EndProjectSection
EndProject
Global
	GlobalSection(SolutionConfigurationPlatforms) = preSolution
		Debug|Any CPU = Debug|Any CPU
		Release|Any CPU = Release|Any CPU
	EndGlobalSection
	GlobalSection(ProjectConfigurationPlatforms) = postSolution
		{EFF3B141-8C93-40C5-8C92-07018CC35D4D}.Debug|Any CPU.ActiveCfg = Debug|Any CPU
		{EFF3B141-8C93-40C5-8C92-07018CC35D4D}.Debug|Any CPU.Build.0 = Debug|Any CPU
		{EFF3B141-8C93-40C5-8C92-07018CC35D4D}.Release|Any CPU.ActiveCfg = Release|Any CPU
		{EFF3B141-8C93-40C5-8C92-07018CC35D4D}.Release|Any CPU.Build.0 = Release|Any CPU
		{BCE0D330-4FB2-4A4A-8E3F-CCB9E293901F}.Debug|Any CPU.ActiveCfg = Debug|Any CPU
		{BCE0D330-4FB2-4A4A-8E3F-CCB9E293901F}.Debug|Any CPU.Build.0 = Debug|Any CPU
		{BCE0D330-4FB2-4A4A-8E3F-CCB9E293901F}.Release|Any CPU.ActiveCfg = Release|Any CPU
		{BCE0D330-4FB2-4A4A-8E3F-CCB9E293901F}.Release|Any CPU.Build.0 = Release|Any CPU
		{680F63B1-1958-4BE6-9A35-10F7C53FEEB7}.Debug|Any CPU.ActiveCfg = Debug|Any CPU
		{680F63B1-1958-4BE6-9A35-10F7C53FEEB7}.Debug|Any CPU.Build.0 = Debug|Any CPU
		{680F63B1-1958-4BE6-9A35-10F7C53FEEB7}.Release|Any CPU.ActiveCfg = Release|Any CPU
		{680F63B1-1958-4BE6-9A35-10F7C53FEEB7}.Release|Any CPU.Build.0 = Release|Any CPU
	EndGlobalSection
	GlobalSection(SolutionProperties) = preSolution
		HideSolutionNode = FALSE
	EndGlobalSection
	GlobalSection(ExtensibilityGlobals) = postSolution
		SolutionGuid = {8C94FE86-3F3C-4ED5-9DFD-74BA5402E785}
	EndGlobalSection
EndGlobal
